
Microsoft Visual Studio Solution File, Format Version 12.00
# Visual Studio Version 16
VisualStudioVersion = 16.0.29613.14
MinimumVisualStudioVersion = 10.0.40219.1
Project("{FAE04EC0-301F-11D3-BF4B-00C04F79EFBC}") = "Teacher_program", "Teacher_program.csproj", "{D70CC445-9092-4901-8907-8155C6A17202}"
EndProject
Global
	GlobalSection(SolutionConfigurationPlatforms) = preSolution
		Debug|Any CPU = Debug|Any CPU
		Release|Any CPU = Release|Any CPU
	EndGlobalSection
	GlobalSection(ProjectConfigurationPlatforms) = postSolution
		{D70CC445-9092-4901-8907-8155C6A17202}.Debug|Any CPU.ActiveCfg = Debug|Any CPU
		{D70CC445-9092-4901-8907-8155C6A17202}.Debug|Any CPU.Build.0 = Debug|Any CPU
		{D70CC445-9092-4901-8907-8155C6A17202}.Release|Any CPU.ActiveCfg = Release|Any CPU
		{D70CC445-9092-4901-8907-8155C6A17202}.Release|Any CPU.Build.0 = Release|Any CPU
	EndGlobalSection
	GlobalSection(SolutionProperties) = preSolution
		HideSolutionNode = FALSE
	EndGlobalSection
	GlobalSection(ExtensibilityGlobals) = postSolution
		SolutionGuid = {5C50A959-3EE1-462D-9A88-C8DD5B1A07BA}
	EndGlobalSection
EndGlobal
